// !$*UTF8*$!
{
	archiveVersion = 1;
	classes = {
	};
	objectVersion = 46;
	objects = {

/* Begin PBXBuildFile section */
		D6C4143019FF00BF00F2E195 /* AppDelegate.swift in Sources */ = {isa = PBXBuildFile; fileRef = D6C4142F19FF00BF00F2E195 /* AppDelegate.swift */; };
		D6C4143219FF00BF00F2E195 /* ViewController.swift in Sources */ = {isa = PBXBuildFile; fileRef = D6C4143119FF00BF00F2E195 /* ViewController.swift */; };
		D6C4143519FF00BF00F2E195 /* Main.storyboard in Resources */ = {isa = PBXBuildFile; fileRef = D6C4143319FF00BF00F2E195 /* Main.storyboard */; };
		D6C4143719FF00C000F2E195 /* Images.xcassets in Resources */ = {isa = PBXBuildFile; fileRef = D6C4143619FF00C000F2E195 /* Images.xcassets */; };
		D6C4143A19FF00C000F2E195 /* LaunchScreen.xib in Resources */ = {isa = PBXBuildFile; fileRef = D6C4143819FF00C000F2E195 /* LaunchScreen.xib */; };
		D6C4144619FF00C000F2E195 /* Lecture_6Tests.swift in Sources */ = {isa = PBXBuildFile; fileRef = D6C4144519FF00C000F2E195 /* Lecture_6Tests.swift */; };
/* End PBXBuildFile section */

/* Begin PBXContainerItemProxy section */
		D6C4144019FF00C000F2E195 /* PBXContainerItemProxy */ = {
			isa = PBXContainerItemProxy;
			containerPortal = D6C4142219FF00BE00F2E195 /* Project object */;
			proxyType = 1;
			remoteGlobalIDString = D6C4142919FF00BE00F2E195;
			remoteInfo = "Lecture 6";
		};
/* End PBXContainerItemProxy section */

/* Begin PBXFileReference section */
		D6C4142A19FF00BF00F2E195 /* Lecture 6.app */ = {isa = PBXFileReference; explicitFileType = wrapper.application; includeInIndex = 0; path = "Lecture 6.app"; sourceTree = BUILT_PRODUCTS_DIR; };
		D6C4142E19FF00BF00F2E195 /* Info.plist */ = {isa = PBXFileReference; lastKnownFileType = text.plist.xml; path = Info.plist; sourceTree = "<group>"; };
		D6C4142F19FF00BF00F2E195 /* AppDelegate.swift */ = {isa = PBXFileReference; lastKnownFileType = sourcecode.swift; path = AppDelegate.swift; sourceTree = "<group>"; };
		D6C4143119FF00BF00F2E195 /* ViewController.swift */ = {isa = PBXFileReference; lastKnownFileType = sourcecode.swift; path = ViewController.swift; sourceTree = "<group>"; };
		D6C4143419FF00BF00F2E195 /* Base */ = {isa = PBXFileReference; lastKnownFileType = file.storyboard; name = Base; path = Base.lproj/Main.storyboard; sourceTree = "<group>"; };
		D6C4143619FF00C000F2E195 /* Images.xcassets */ = {isa = PBXFileReference; lastKnownFileType = folder.assetcatalog; path = Images.xcassets; sourceTree = "<group>"; };
		D6C4143919FF00C000F2E195 /* Base */ = {isa = PBXFileReference; lastKnownFileType = file.xib; name = Base; path = Base.lproj/LaunchScreen.xib; sourceTree = "<group>"; };
		D6C4143F19FF00C000F2E195 /* Lecture 6Tests.xctest */ = {isa = PBXFileReference; explicitFileType = wrapper.cfbundle; includeInIndex = 0; path = "Lecture 6Tests.xctest"; sourceTree = BUILT_PRODUCTS_DIR; };
		D6C4144419FF00C000F2E195 /* Info.plist */ = {isa = PBXFileReference; lastKnownFileType = text.plist.xml; path = Info.plist; sourceTree = "<group>"; };
		D6C4144519FF00C000F2E195 /* Lecture_6Tests.swift */ = {isa = PBXFileReference; lastKnownFileType = sourcecode.swift; path = Lecture_6Tests.swift; sourceTree = "<group>"; };
/* End PBXFileReference section */

/* Begin PBXFrameworksBuildPhase section */
		D6C4142719FF00BE00F2E195 /* Frameworks */ = {
			isa = PBXFrameworksBuildPhase;
			buildActionMask = 2147483647;
			files = (
			);
			runOnlyForDeploymentPostprocessing = 0;
		};
		D6C4143C19FF00C000F2E195 /* Frameworks */ = {
			isa = PBXFrameworksBuildPhase;
			buildActionMask = 2147483647;
			files = (
			);
			runOnlyForDeploymentPostprocessing = 0;
		};
/* End PBXFrameworksBuildPhase section */

/* Begin PBXGroup section */
		D6C4142119FF00BE00F2E195 = {
			isa = PBXGroup;
			children = (
				D6C4142C19FF00BF00F2E195 /* Lecture 6 */,
				D6C4144219FF00C000F2E195 /* Lecture 6Tests */,
				D6C4142B19FF00BF00F2E195 /* Products */,
			);
			sourceTree = "<group>";
		};
		D6C4142B19FF00BF00F2E195 /* Products */ = {
			isa = PBXGroup;
			children = (
				D6C4142A19FF00BF00F2E195 /* Lecture 6.app */,
				D6C4143F19FF00C000F2E195 /* Lecture 6Tests.xctest */,
			);
			name = Products;
			sourceTree = "<group>";
		};
		D6C4142C19FF00BF00F2E195 /* Lecture 6 */ = {
			isa = PBXGroup;
			children = (
				D6C4142F19FF00BF00F2E195 /* AppDelegate.swift */,
				D6C4143119FF00BF00F2E195 /* ViewController.swift */,
				D6C4143319FF00BF00F2E195 /* Main.storyboard */,
				D6C4143619FF00C000F2E195 /* Images.xcassets */,
				D6C4143819FF00C000F2E195 /* LaunchScreen.xib */,
				D6C4142D19FF00BF00F2E195 /* Supporting Files */,
			);
			path = "Lecture 6";
			sourceTree = "<group>";
		};
		D6C4142D19FF00BF00F2E195 /* Supporting Files */ = {
			isa = PBXGroup;
			children = (
				D6C4142E19FF00BF00F2E195 /* Info.plist */,
			);
			name = "Supporting Files";
			sourceTree = "<group>";
		};
		D6C4144219FF00C000F2E195 /* Lecture 6Tests */ = {
			isa = PBXGroup;
			children = (
				D6C4144519FF00C000F2E195 /* Lecture_6Tests.swift */,
				D6C4144319FF00C000F2E195 /* Supporting Files */,
			);
			path = "Lecture 6Tests";
			sourceTree = "<group>";
		};
		D6C4144319FF00C000F2E195 /* Supporting Files */ = {
			isa = PBXGroup;
			children = (
				D6C4144419FF00C000F2E195 /* Info.plist */,
			);
			name = "Supporting Files";
			sourceTree = "<group>";
		};
/* End PBXGroup section */

/* Begin PBXNativeTarget section */
		D6C4142919FF00BE00F2E195 /* Lecture 6 */ = {
			isa = PBXNativeTarget;
			buildConfigurationList = D6C4144919FF00C000F2E195 /* Build configuration list for PBXNativeTarget "Lecture 6" */;
			buildPhases = (
				D6C4142619FF00BE00F2E195 /* Sources */,
				D6C4142719FF00BE00F2E195 /* Frameworks */,
				D6C4142819FF00BE00F2E195 /* Resources */,
			);
			buildRules = (
			);
			dependencies = (
			);
			name = "Lecture 6";
			productName = "Lecture 6";
			productReference = D6C4142A19FF00BF00F2E195 /* Lecture 6.app */;
			productType = "com.apple.product-type.application";
		};
		D6C4143E19FF00C000F2E195 /* Lecture 6Tests */ = {
			isa = PBXNativeTarget;
			buildConfigurationList = D6C4144C19FF00C000F2E195 /* Build configuration list for PBXNativeTarget "Lecture 6Tests" */;
			buildPhases = (
				D6C4143B19FF00C000F2E195 /* Sources */,
				D6C4143C19FF00C000F2E195 /* Frameworks */,
				D6C4143D19FF00C000F2E195 /* Resources */,
			);
			buildRules = (
			);
			dependencies = (
				D6C4144119FF00C000F2E195 /* PBXTargetDependency */,
			);
			name = "Lecture 6Tests";
			productName = "Lecture 6Tests";
			productReference = D6C4143F19FF00C000F2E195 /* Lecture 6Tests.xctest */;
			productType = "com.apple.product-type.bundle.unit-test";
		};
/* End PBXNativeTarget section */

/* Begin PBXProject section */
		D6C4142219FF00BE00F2E195 /* Project object */ = {
			isa = PBXProject;
			attributes = {
				LastUpgradeCheck = 0610;
				ORGANIZATIONNAME = "Sam Svenningsen";
				TargetAttributes = {
					D6C4142919FF00BE00F2E195 = {
						CreatedOnToolsVersion = 6.1;
					};
					D6C4143E19FF00C000F2E195 = {
						CreatedOnToolsVersion = 6.1;
						TestTargetID = D6C4142919FF00BE00F2E195;
					};
				};
			};
			buildConfigurationList = D6C4142519FF00BE00F2E195 /* Build configuration list for PBXProject "Lecture 6" */;
			compatibilityVersion = "Xcode 3.2";
			developmentRegion = English;
			hasScannedForEncodings = 0;
			knownRegions = (
				en,
				Base,
			);
			mainGroup = D6C4142119FF00BE00F2E195;
			productRefGroup = D6C4142B19FF00BF00F2E195 /* Products */;
			projectDirPath = "";
			projectRoot = "";
			targets = (
				D6C4142919FF00BE00F2E195 /* Lecture 6 */,
				D6C4143E19FF00C000F2E195 /* Lecture 6Tests */,
			);
		};
/* End PBXProject section */

/* Begin PBXResourcesBuildPhase section */
		D6C4142819FF00BE00F2E195 /* Resources */ = {
			isa = PBXResourcesBuildPhase;
			buildActionMask = 2147483647;
			files = (
				D6C4143519FF00BF00F2E195 /* Main.storyboard in Resources */,
				D6C4143A19FF00C000F2E195 /* LaunchScreen.xib in Resources */,
				D6C4143719FF00C000F2E195 /* Images.xcassets in Resources */,
			);
			runOnlyForDeploymentPostprocessing = 0;
		};
		D6C4143D19FF00C000F2E195 /* Resources */ = {
			isa = PBXResourcesBuildPhase;
			buildActionMask = 2147483647;
			files = (
			);
			runOnlyForDeploymentPostprocessing = 0;
		};
/* End PBXResourcesBuildPhase section */

/* Begin PBXSourcesBuildPhase section */
		D6C4142619FF00BE00F2E195 /* Sources */ = {
			isa = PBXSourcesBuildPhase;
			buildActionMask = 2147483647;
			files = (
				D6C4143219FF00BF00F2E195 /* ViewController.swift in Sources */,
				D6C4143019FF00BF00F2E195 /* AppDelegate.swift in Sources */,
			);
			runOnlyForDeploymentPostprocessing = 0;
		};
		D6C4143B19FF00C000F2E195 /* Sources */ = {
			isa = PBXSourcesBuildPhase;
			buildActionMask = 2147483647;
			files = (
				D6C4144619FF00C000F2E195 /* Lecture_6Tests.swift in Sources */,
			);
			runOnlyForDeploymentPostprocessing = 0;
		};
/* End PBXSourcesBuildPhase section */

/* Begin PBXTargetDependency section */
		D6C4144119FF00C000F2E195 /* PBXTargetDependency */ = {
			isa = PBXTargetDependency;
			target = D6C4142919FF00BE00F2E195 /* Lecture 6 */;
			targetProxy = D6C4144019FF00C000F2E195 /* PBXContainerItemProxy */;
		};
/* End PBXTargetDependency section */

/* Begin PBXVariantGroup section */
		D6C4143319FF00BF00F2E195 /* Main.storyboard */ = {
			isa = PBXVariantGroup;
			children = (
				D6C4143419FF00BF00F2E195 /* Base */,
			);
			name = Main.storyboard;
			sourceTree = "<group>";
		};
		D6C4143819FF00C000F2E195 /* LaunchScreen.xib */ = {
			isa = PBXVariantGroup;
			children = (
				D6C4143919FF00C000F2E195 /* Base */,
			);
			name = LaunchScreen.xib;
			sourceTree = "<group>";
		};
/* End PBXVariantGroup section */

/* Begin XCBuildConfiguration section */
		D6C4144719FF00C000F2E195 /* Debug */ = {
			isa = XCBuildConfiguration;
			buildSettings = {
				ALWAYS_SEARCH_USER_PATHS = NO;
				CLANG_CXX_LANGUAGE_STANDARD = "gnu++0x";
				CLANG_CXX_LIBRARY = "libc++";
				CLANG_ENABLE_MODULES = YES;
				CLANG_ENABLE_OBJC_ARC = YES;
				CLANG_WARN_BOOL_CONVERSION = YES;
				CLANG_WARN_CONSTANT_CONVERSION = YES;
				CLANG_WARN_DIRECT_OBJC_ISA_USAGE = YES_ERROR;
				CLANG_WARN_EMPTY_BODY = YES;
				CLANG_WARN_ENUM_CONVERSION = YES;
				CLANG_WARN_INT_CONVERSION = YES;
				CLANG_WARN_OBJC_ROOT_CLASS = YES_ERROR;
				CLANG_WARN_UNREACHABLE_CODE = YES;
				CLANG_WARN__DUPLICATE_METHOD_MATCH = YES;
				"CODE_SIGN_IDENTITY[sdk=iphoneos*]" = "iPhone Developer";
				COPY_PHASE_STRIP = NO;
				ENABLE_STRICT_OBJC_MSGSEND = YES;
				GCC_C_LANGUAGE_STANDARD = gnu99;
				GCC_DYNAMIC_NO_PIC = NO;
				GCC_OPTIMIZATION_LEVEL = 0;
				GCC_PREPROCESSOR_DEFINITIONS = (
					"DEBUG=1",
					"$(inherited)",
				);
				GCC_SYMBOLS_PRIVATE_EXTERN = NO;
				GCC_WARN_64_TO_32_BIT_CONVERSION = YES;
				GCC_WARN_ABOUT_RETURN_TYPE = YES_ERROR;
				GCC_WARN_UNDECLARED_SELECTOR = YES;
				GCC_WARN_UNINITIALIZED_AUTOS = YES_AGGRESSIVE;
				GCC_WARN_UNUSED_FUNCTION = YES;
				GCC_WARN_UNUSED_VARIABLE = YES;
				IPHONEOS_DEPLOYMENT_TARGET = 8.1;
				MTL_ENABLE_DEBUG_INFO = YES;
				ONLY_ACTIVE_ARCH = YES;
				SDKROOT = iphoneos;
				SWIFT_OPTIMIZATION_LEVEL = "-Onone";
			};
			name = Debug;
		};
		D6C4144819FF00C000F2E195 /* Release */ = {
			isa = XCBuildConfiguration;
			buildSettings = {
				ALWAYS_SEARCH_USER_PATHS = NO;
				CLANG_CXX_LANGUAGE_STANDARD = "gnu++0x";
				CLANG_CXX_LIBRARY = "libc++";
				CLANG_ENABLE_MODULES = YES;
				CLANG_ENABLE_OBJC_ARC = YES;
				CLANG_WARN_BOOL_CONVERSION = YES;
				CLANG_WARN_CONSTANT_CONVERSION = YES;
				CLANG_WARN_DIRECT_OBJC_ISA_USAGE = YES_ERROR;
				CLANG_WARN_EMPTY_BODY = YES;
				CLANG_WARN_ENUM_CONVERSION = YES;
				CLANG_WARN_INT_CONVERSION = YES;
				CLANG_WARN_OBJC_ROOT_CLASS = YES_ERROR;
				CLANG_WARN_UNREACHABLE_CODE = YES;
				CLANG_WARN__DUPLICATE_METHOD_MATCH = YES;
				"CODE_SIGN_IDENTITY[sdk=iphoneos*]" = "iPhone Developer";
				COPY_PHASE_STRIP = YES;
				ENABLE_NS_ASSERTIONS = NO;
				ENABLE_STRICT_OBJC_MSGSEND = YES;
				GCC_C_LANGUAGE_STANDARD = gnu99;
				GCC_WARN_64_TO_32_BIT_CONVERSION = YES;
				GCC_WARN_ABOUT_RETURN_TYPE = YES_ERROR;
				GCC_WARN_UNDECLARED_SELECTOR = YES;
				GCC_WARN_UNINITIALIZED_AUTOS = YES_AGGRESSIVE;
				GCC_WARN_UNUSED_FUNCTION = YES;
				GCC_WARN_UNUSED_VARIABLE = YES;
				IPHONEOS_DEPLOYMENT_TARGET = 8.1;
				MTL_ENABLE_DEBUG_INFO = NO;
				SDKROOT = iphoneos;
				VALIDATE_PRODUCT = YES;
			};
			name = Release;
		};
		D6C4144A19FF00C000F2E195 /* Debug */ = {
			isa = XCBuildConfiguration;
			buildSettings = {
				ASSETCATALOG_COMPILER_APPICON_NAME = AppIcon;
				INFOPLIST_FILE = "Lecture 6/Info.plist";
				LD_RUNPATH_SEARCH_PATHS = "$(inherited) @executable_path/Frameworks";
				PRODUCT_NAME = "$(TARGET_NAME)";
			};
			name = Debug;
		};
		D6C4144B19FF00C000F2E195 /* Release */ = {
			isa = XCBuildConfiguration;
			buildSettings = {
				ASSETCATALOG_COMPILER_APPICON_NAME = AppIcon;
				INFOPLIST_FILE = "Lecture 6/Info.plist";
				LD_RUNPATH_SEARCH_PATHS = "$(inherited) @executable_path/Frameworks";
				PRODUCT_NAME = "$(TARGET_NAME)";
			};
			name = Release;
		};
		D6C4144D19FF00C000F2E195 /* Debug */ = {
			isa = XCBuildConfiguration;
			buildSettings = {
				BUNDLE_LOADER = "$(TEST_HOST)";
				FRAMEWORK_SEARCH_PATHS = (
					"$(SDKROOT)/Developer/Library/Frameworks",
					"$(inherited)",
				);
				GCC_PREPROCESSOR_DEFINITIONS = (
					"DEBUG=1",
					"$(inherited)",
				);
				INFOPLIST_FILE = "Lecture 6Tests/Info.plist";
				LD_RUNPATH_SEARCH_PATHS = "$(inherited) @executable_path/Frameworks @loader_path/Frameworks";
				PRODUCT_NAME = "$(TARGET_NAME)";
				TEST_HOST = "$(BUILT_PRODUCTS_DIR)/Lecture 6.app/Lecture 6";
			};
			name = Debug;
		};
		D6C4144E19FF00C000F2E195 /* Release */ = {
			isa = XCBuildConfiguration;
			buildSettings = {
				BUNDLE_LOADER = "$(TEST_HOST)";
				FRAMEWORK_SEARCH_PATHS = (
					"$(SDKROOT)/Developer/Library/Frameworks",
					"$(inherited)",
				);
				INFOPLIST_FILE = "Lecture 6Tests/Info.plist";
				LD_RUNPATH_SEARCH_PATHS = "$(inherited) @executable_path/Frameworks @loader_path/Frameworks";
				PRODUCT_NAME = "$(TARGET_NAME)";
				TEST_HOST = "$(BUILT_PRODUCTS_DIR)/Lecture 6.app/Lecture 6";
			};
			name = Release;
		};
/* End XCBuildConfiguration section */

/* Begin XCConfigurationList section */
		D6C4142519FF00BE00F2E195 /* Build configuration list for PBXProject "Lecture 6" */ = {
			isa = XCConfigurationList;
			buildConfigurations = (
				D6C4144719FF00C000F2E195 /* Debug */,
				D6C4144819FF00C000F2E195 /* Release */,
			);
			defaultConfigurationIsVisible = 0;
			defaultConfigurationName = Release;
		};
		D6C4144919FF00C000F2E195 /* Build configuration list for PBXNativeTarget "Lecture 6" */ = {
			isa = XCConfigurationList;
			buildConfigurations = (
				D6C4144A19FF00C000F2E195 /* Debug */,
				D6C4144B19FF00C000F2E195 /* Release */,
			);
			defaultConfigurationIsVisible = 0;
		};
		D6C4144C19FF00C000F2E195 /* Build configuration list for PBXNativeTarget "Lecture 6Tests" */ = {
			isa = XCConfigurationList;
			buildConfigurations = (
				D6C4144D19FF00C000F2E195 /* Debug */,
				D6C4144E19FF00C000F2E195 /* Release */,
			);
			defaultConfigurationIsVisible = 0;
		};
/* End XCConfigurationList section */
	};
	rootObject = D6C4142219FF00BE00F2E195 /* Project object */;
}
