// !$*UTF8*$!
{
	archiveVersion = 1;
	classes = {
	};
	objectVersion = 46;
	objects = {

/* Begin PBXBuildFile section */
		D64E800319D7741600673FE0 /* AppDelegate.swift in Sources */ = {isa = PBXBuildFile; fileRef = D64E800219D7741600673FE0 /* AppDelegate.swift */; };
		D64E800619D7741600673FE0 /* safetyApp.xcdatamodeld in Sources */ = {isa = PBXBuildFile; fileRef = D64E800419D7741600673FE0 /* safetyApp.xcdatamodeld */; };
		D64E800819D7741600673FE0 /* ViewController.swift in Sources */ = {isa = PBXBuildFile; fileRef = D64E800719D7741600673FE0 /* ViewController.swift */; };
		D64E800B19D7741600673FE0 /* Main.storyboard in Resources */ = {isa = PBXBuildFile; fileRef = D64E800919D7741600673FE0 /* Main.storyboard */; };
		D64E800D19D7741600673FE0 /* Images.xcassets in Resources */ = {isa = PBXBuildFile; fileRef = D64E800C19D7741600673FE0 /* Images.xcassets */; };
		D64E801019D7741600673FE0 /* LaunchScreen.xib in Resources */ = {isa = PBXBuildFile; fileRef = D64E800E19D7741600673FE0 /* LaunchScreen.xib */; };
		D64E801C19D7741700673FE0 /* safetyAppTests.swift in Sources */ = {isa = PBXBuildFile; fileRef = D64E801B19D7741700673FE0 /* safetyAppTests.swift */; };
/* End PBXBuildFile section */

/* Begin PBXContainerItemProxy section */
		D64E801619D7741700673FE0 /* PBXContainerItemProxy */ = {
			isa = PBXContainerItemProxy;
			containerPortal = D64E7FF519D7741600673FE0 /* Project object */;
			proxyType = 1;
			remoteGlobalIDString = D64E7FFC19D7741600673FE0;
			remoteInfo = safetyApp;
		};
/* End PBXContainerItemProxy section */

/* Begin PBXFileReference section */
		D64E7FFD19D7741600673FE0 /* safetyApp.app */ = {isa = PBXFileReference; explicitFileType = wrapper.application; includeInIndex = 0; path = safetyApp.app; sourceTree = BUILT_PRODUCTS_DIR; };
		D64E800119D7741600673FE0 /* Info.plist */ = {isa = PBXFileReference; lastKnownFileType = text.plist.xml; path = Info.plist; sourceTree = "<group>"; };
		D64E800219D7741600673FE0 /* AppDelegate.swift */ = {isa = PBXFileReference; lastKnownFileType = sourcecode.swift; path = AppDelegate.swift; sourceTree = "<group>"; };
		D64E800519D7741600673FE0 /* safetyApp.xcdatamodel */ = {isa = PBXFileReference; lastKnownFileType = wrapper.xcdatamodel; path = safetyApp.xcdatamodel; sourceTree = "<group>"; };
		D64E800719D7741600673FE0 /* ViewController.swift */ = {isa = PBXFileReference; lastKnownFileType = sourcecode.swift; path = ViewController.swift; sourceTree = "<group>"; };
		D64E800A19D7741600673FE0 /* Base */ = {isa = PBXFileReference; lastKnownFileType = file.storyboard; name = Base; path = Base.lproj/Main.storyboard; sourceTree = "<group>"; };
		D64E800C19D7741600673FE0 /* Images.xcassets */ = {isa = PBXFileReference; lastKnownFileType = folder.assetcatalog; path = Images.xcassets; sourceTree = "<group>"; };
		D64E800F19D7741600673FE0 /* Base */ = {isa = PBXFileReference; lastKnownFileType = file.xib; name = Base; path = Base.lproj/LaunchScreen.xib; sourceTree = "<group>"; };
		D64E801519D7741700673FE0 /* safetyAppTests.xctest */ = {isa = PBXFileReference; explicitFileType = wrapper.cfbundle; includeInIndex = 0; path = safetyAppTests.xctest; sourceTree = BUILT_PRODUCTS_DIR; };
		D64E801A19D7741700673FE0 /* Info.plist */ = {isa = PBXFileReference; lastKnownFileType = text.plist.xml; path = Info.plist; sourceTree = "<group>"; };
		D64E801B19D7741700673FE0 /* safetyAppTests.swift */ = {isa = PBXFileReference; lastKnownFileType = sourcecode.swift; path = safetyAppTests.swift; sourceTree = "<group>"; };
/* End PBXFileReference section */

/* Begin PBXFrameworksBuildPhase section */
		D64E7FFA19D7741600673FE0 /* Frameworks */ = {
			isa = PBXFrameworksBuildPhase;
			buildActionMask = 2147483647;
			files = (
			);
			runOnlyForDeploymentPostprocessing = 0;
		};
		D64E801219D7741700673FE0 /* Frameworks */ = {
			isa = PBXFrameworksBuildPhase;
			buildActionMask = 2147483647;
			files = (
			);
			runOnlyForDeploymentPostprocessing = 0;
		};
/* End PBXFrameworksBuildPhase section */

/* Begin PBXGroup section */
		D64E7FF419D7741600673FE0 = {
			isa = PBXGroup;
			children = (
				D64E7FFF19D7741600673FE0 /* safetyApp */,
				D64E801819D7741700673FE0 /* safetyAppTests */,
				D64E7FFE19D7741600673FE0 /* Products */,
			);
			sourceTree = "<group>";
		};
		D64E7FFE19D7741600673FE0 /* Products */ = {
			isa = PBXGroup;
			children = (
				D64E7FFD19D7741600673FE0 /* safetyApp.app */,
				D64E801519D7741700673FE0 /* safetyAppTests.xctest */,
			);
			name = Products;
			sourceTree = "<group>";
		};
		D64E7FFF19D7741600673FE0 /* safetyApp */ = {
			isa = PBXGroup;
			children = (
				D64E800219D7741600673FE0 /* AppDelegate.swift */,
				D64E800719D7741600673FE0 /* ViewController.swift */,
				D64E800919D7741600673FE0 /* Main.storyboard */,
				D64E800C19D7741600673FE0 /* Images.xcassets */,
				D64E800E19D7741600673FE0 /* LaunchScreen.xib */,
				D64E800419D7741600673FE0 /* safetyApp.xcdatamodeld */,
				D64E800019D7741600673FE0 /* Supporting Files */,
			);
			path = safetyApp;
			sourceTree = "<group>";
		};
		D64E800019D7741600673FE0 /* Supporting Files */ = {
			isa = PBXGroup;
			children = (
				D64E800119D7741600673FE0 /* Info.plist */,
			);
			name = "Supporting Files";
			sourceTree = "<group>";
		};
		D64E801819D7741700673FE0 /* safetyAppTests */ = {
			isa = PBXGroup;
			children = (
				D64E801B19D7741700673FE0 /* safetyAppTests.swift */,
				D64E801919D7741700673FE0 /* Supporting Files */,
			);
			path = safetyAppTests;
			sourceTree = "<group>";
		};
		D64E801919D7741700673FE0 /* Supporting Files */ = {
			isa = PBXGroup;
			children = (
				D64E801A19D7741700673FE0 /* Info.plist */,
			);
			name = "Supporting Files";
			sourceTree = "<group>";
		};
/* End PBXGroup section */

/* Begin PBXNativeTarget section */
		D64E7FFC19D7741600673FE0 /* safetyApp */ = {
			isa = PBXNativeTarget;
			buildConfigurationList = D64E801F19D7741700673FE0 /* Build configuration list for PBXNativeTarget "safetyApp" */;
			buildPhases = (
				D64E7FF919D7741600673FE0 /* Sources */,
				D64E7FFA19D7741600673FE0 /* Frameworks */,
				D64E7FFB19D7741600673FE0 /* Resources */,
			);
			buildRules = (
			);
			dependencies = (
			);
			name = safetyApp;
			productName = safetyApp;
			productReference = D64E7FFD19D7741600673FE0 /* safetyApp.app */;
			productType = "com.apple.product-type.application";
		};
		D64E801419D7741700673FE0 /* safetyAppTests */ = {
			isa = PBXNativeTarget;
			buildConfigurationList = D64E802219D7741700673FE0 /* Build configuration list for PBXNativeTarget "safetyAppTests" */;
			buildPhases = (
				D64E801119D7741700673FE0 /* Sources */,
				D64E801219D7741700673FE0 /* Frameworks */,
				D64E801319D7741700673FE0 /* Resources */,
			);
			buildRules = (
			);
			dependencies = (
				D64E801719D7741700673FE0 /* PBXTargetDependency */,
			);
			name = safetyAppTests;
			productName = safetyAppTests;
			productReference = D64E801519D7741700673FE0 /* safetyAppTests.xctest */;
			productType = "com.apple.product-type.bundle.unit-test";
		};
/* End PBXNativeTarget section */

/* Begin PBXProject section */
		D64E7FF519D7741600673FE0 /* Project object */ = {
			isa = PBXProject;
			attributes = {
				LastUpgradeCheck = 0600;
				ORGANIZATIONNAME = "Sam Svenningsen";
				TargetAttributes = {
					D64E7FFC19D7741600673FE0 = {
						CreatedOnToolsVersion = 6.0.1;
					};
					D64E801419D7741700673FE0 = {
						CreatedOnToolsVersion = 6.0.1;
						TestTargetID = D64E7FFC19D7741600673FE0;
					};
				};
			};
			buildConfigurationList = D64E7FF819D7741600673FE0 /* Build configuration list for PBXProject "safetyApp" */;
			compatibilityVersion = "Xcode 3.2";
			developmentRegion = English;
			hasScannedForEncodings = 0;
			knownRegions = (
				en,
				Base,
			);
			mainGroup = D64E7FF419D7741600673FE0;
			productRefGroup = D64E7FFE19D7741600673FE0 /* Products */;
			projectDirPath = "";
			projectRoot = "";
			targets = (
				D64E7FFC19D7741600673FE0 /* safetyApp */,
				D64E801419D7741700673FE0 /* safetyAppTests */,
			);
		};
/* End PBXProject section */

/* Begin PBXResourcesBuildPhase section */
		D64E7FFB19D7741600673FE0 /* Resources */ = {
			isa = PBXResourcesBuildPhase;
			buildActionMask = 2147483647;
			files = (
				D64E800B19D7741600673FE0 /* Main.storyboard in Resources */,
				D64E801019D7741600673FE0 /* LaunchScreen.xib in Resources */,
				D64E800D19D7741600673FE0 /* Images.xcassets in Resources */,
			);
			runOnlyForDeploymentPostprocessing = 0;
		};
		D64E801319D7741700673FE0 /* Resources */ = {
			isa = PBXResourcesBuildPhase;
			buildActionMask = 2147483647;
			files = (
			);
			runOnlyForDeploymentPostprocessing = 0;
		};
/* End PBXResourcesBuildPhase section */

/* Begin PBXSourcesBuildPhase section */
		D64E7FF919D7741600673FE0 /* Sources */ = {
			isa = PBXSourcesBuildPhase;
			buildActionMask = 2147483647;
			files = (
				D64E800819D7741600673FE0 /* ViewController.swift in Sources */,
				D64E800319D7741600673FE0 /* AppDelegate.swift in Sources */,
				D64E800619D7741600673FE0 /* safetyApp.xcdatamodeld in Sources */,
			);
			runOnlyForDeploymentPostprocessing = 0;
		};
		D64E801119D7741700673FE0 /* Sources */ = {
			isa = PBXSourcesBuildPhase;
			buildActionMask = 2147483647;
			files = (
				D64E801C19D7741700673FE0 /* safetyAppTests.swift in Sources */,
			);
			runOnlyForDeploymentPostprocessing = 0;
		};
/* End PBXSourcesBuildPhase section */

/* Begin PBXTargetDependency section */
		D64E801719D7741700673FE0 /* PBXTargetDependency */ = {
			isa = PBXTargetDependency;
			target = D64E7FFC19D7741600673FE0 /* safetyApp */;
			targetProxy = D64E801619D7741700673FE0 /* PBXContainerItemProxy */;
		};
/* End PBXTargetDependency section */

/* Begin PBXVariantGroup section */
		D64E800919D7741600673FE0 /* Main.storyboard */ = {
			isa = PBXVariantGroup;
			children = (
				D64E800A19D7741600673FE0 /* Base */,
			);
			name = Main.storyboard;
			sourceTree = "<group>";
		};
		D64E800E19D7741600673FE0 /* LaunchScreen.xib */ = {
			isa = PBXVariantGroup;
			children = (
				D64E800F19D7741600673FE0 /* Base */,
			);
			name = LaunchScreen.xib;
			sourceTree = "<group>";
		};
/* End PBXVariantGroup section */

/* Begin XCBuildConfiguration section */
		D64E801D19D7741700673FE0 /* Debug */ = {
			isa = XCBuildConfiguration;
			buildSettings = {
				ALWAYS_SEARCH_USER_PATHS = NO;
				CLANG_CXX_LANGUAGE_STANDARD = "gnu++0x";
				CLANG_CXX_LIBRARY = "libc++";
				CLANG_ENABLE_MODULES = YES;
				CLANG_ENABLE_OBJC_ARC = YES;
				CLANG_WARN_BOOL_CONVERSION = YES;
				CLANG_WARN_CONSTANT_CONVERSION = YES;
				CLANG_WARN_DIRECT_OBJC_ISA_USAGE = YES_ERROR;
				CLANG_WARN_EMPTY_BODY = YES;
				CLANG_WARN_ENUM_CONVERSION = YES;
				CLANG_WARN_INT_CONVERSION = YES;
				CLANG_WARN_OBJC_ROOT_CLASS = YES_ERROR;
				CLANG_WARN_UNREACHABLE_CODE = YES;
				CLANG_WARN__DUPLICATE_METHOD_MATCH = YES;
				"CODE_SIGN_IDENTITY[sdk=iphoneos*]" = "iPhone Developer";
				COPY_PHASE_STRIP = NO;
				ENABLE_STRICT_OBJC_MSGSEND = YES;
				GCC_C_LANGUAGE_STANDARD = gnu99;
				GCC_DYNAMIC_NO_PIC = NO;
				GCC_OPTIMIZATION_LEVEL = 0;
				GCC_PREPROCESSOR_DEFINITIONS = (
					"DEBUG=1",
					"$(inherited)",
				);
				GCC_SYMBOLS_PRIVATE_EXTERN = NO;
				GCC_WARN_64_TO_32_BIT_CONVERSION = YES;
				GCC_WARN_ABOUT_RETURN_TYPE = YES_ERROR;
				GCC_WARN_UNDECLARED_SELECTOR = YES;
				GCC_WARN_UNINITIALIZED_AUTOS = YES_AGGRESSIVE;
				GCC_WARN_UNUSED_FUNCTION = YES;
				GCC_WARN_UNUSED_VARIABLE = YES;
				IPHONEOS_DEPLOYMENT_TARGET = 8.0;
				MTL_ENABLE_DEBUG_INFO = YES;
				ONLY_ACTIVE_ARCH = YES;
				SDKROOT = iphoneos;
				SWIFT_OPTIMIZATION_LEVEL = "-Onone";
			};
			name = Debug;
		};
		D64E801E19D7741700673FE0 /* Release */ = {
			isa = XCBuildConfiguration;
			buildSettings = {
				ALWAYS_SEARCH_USER_PATHS = NO;
				CLANG_CXX_LANGUAGE_STANDARD = "gnu++0x";
				CLANG_CXX_LIBRARY = "libc++";
				CLANG_ENABLE_MODULES = YES;
				CLANG_ENABLE_OBJC_ARC = YES;
				CLANG_WARN_BOOL_CONVERSION = YES;
				CLANG_WARN_CONSTANT_CONVERSION = YES;
				CLANG_WARN_DIRECT_OBJC_ISA_USAGE = YES_ERROR;
				CLANG_WARN_EMPTY_BODY = YES;
				CLANG_WARN_ENUM_CONVERSION = YES;
				CLANG_WARN_INT_CONVERSION = YES;
				CLANG_WARN_OBJC_ROOT_CLASS = YES_ERROR;
				CLANG_WARN_UNREACHABLE_CODE = YES;
				CLANG_WARN__DUPLICATE_METHOD_MATCH = YES;
				"CODE_SIGN_IDENTITY[sdk=iphoneos*]" = "iPhone Developer";
				COPY_PHASE_STRIP = YES;
				ENABLE_NS_ASSERTIONS = NO;
				ENABLE_STRICT_OBJC_MSGSEND = YES;
				GCC_C_LANGUAGE_STANDARD = gnu99;
				GCC_WARN_64_TO_32_BIT_CONVERSION = YES;
				GCC_WARN_ABOUT_RETURN_TYPE = YES_ERROR;
				GCC_WARN_UNDECLARED_SELECTOR = YES;
				GCC_WARN_UNINITIALIZED_AUTOS = YES_AGGRESSIVE;
				GCC_WARN_UNUSED_FUNCTION = YES;
				GCC_WARN_UNUSED_VARIABLE = YES;
				IPHONEOS_DEPLOYMENT_TARGET = 8.0;
				MTL_ENABLE_DEBUG_INFO = NO;
				SDKROOT = iphoneos;
				VALIDATE_PRODUCT = YES;
			};
			name = Release;
		};
		D64E802019D7741700673FE0 /* Debug */ = {
			isa = XCBuildConfiguration;
			buildSettings = {
				ASSETCATALOG_COMPILER_APPICON_NAME = AppIcon;
				INFOPLIST_FILE = safetyApp/Info.plist;
				LD_RUNPATH_SEARCH_PATHS = "$(inherited) @executable_path/Frameworks";
				PRODUCT_NAME = "$(TARGET_NAME)";
			};
			name = Debug;
		};
		D64E802119D7741700673FE0 /* Release */ = {
			isa = XCBuildConfiguration;
			buildSettings = {
				ASSETCATALOG_COMPILER_APPICON_NAME = AppIcon;
				INFOPLIST_FILE = safetyApp/Info.plist;
				LD_RUNPATH_SEARCH_PATHS = "$(inherited) @executable_path/Frameworks";
				PRODUCT_NAME = "$(TARGET_NAME)";
			};
			name = Release;
		};
		D64E802319D7741700673FE0 /* Debug */ = {
			isa = XCBuildConfiguration;
			buildSettings = {
				BUNDLE_LOADER = "$(TEST_HOST)";
				FRAMEWORK_SEARCH_PATHS = (
					"$(SDKROOT)/Developer/Library/Frameworks",
					"$(inherited)",
				);
				GCC_PREPROCESSOR_DEFINITIONS = (
					"DEBUG=1",
					"$(inherited)",
				);
				INFOPLIST_FILE = safetyAppTests/Info.plist;
				LD_RUNPATH_SEARCH_PATHS = "$(inherited) @executable_path/Frameworks @loader_path/Frameworks";
				PRODUCT_NAME = "$(TARGET_NAME)";
				TEST_HOST = "$(BUILT_PRODUCTS_DIR)/safetyApp.app/safetyApp";
			};
			name = Debug;
		};
		D64E802419D7741700673FE0 /* Release */ = {
			isa = XCBuildConfiguration;
			buildSettings = {
				BUNDLE_LOADER = "$(TEST_HOST)";
				FRAMEWORK_SEARCH_PATHS = (
					"$(SDKROOT)/Developer/Library/Frameworks",
					"$(inherited)",
				);
				INFOPLIST_FILE = safetyAppTests/Info.plist;
				LD_RUNPATH_SEARCH_PATHS = "$(inherited) @executable_path/Frameworks @loader_path/Frameworks";
				PRODUCT_NAME = "$(TARGET_NAME)";
				TEST_HOST = "$(BUILT_PRODUCTS_DIR)/safetyApp.app/safetyApp";
			};
			name = Release;
		};
/* End XCBuildConfiguration section */

/* Begin XCConfigurationList section */
		D64E7FF819D7741600673FE0 /* Build configuration list for PBXProject "safetyApp" */ = {
			isa = XCConfigurationList;
			buildConfigurations = (
				D64E801D19D7741700673FE0 /* Debug */,
				D64E801E19D7741700673FE0 /* Release */,
			);
			defaultConfigurationIsVisible = 0;
			defaultConfigurationName = Release;
		};
		D64E801F19D7741700673FE0 /* Build configuration list for PBXNativeTarget "safetyApp" */ = {
			isa = XCConfigurationList;
			buildConfigurations = (
				D64E802019D7741700673FE0 /* Debug */,
				D64E802119D7741700673FE0 /* Release */,
			);
			defaultConfigurationIsVisible = 0;
		};
		D64E802219D7741700673FE0 /* Build configuration list for PBXNativeTarget "safetyAppTests" */ = {
			isa = XCConfigurationList;
			buildConfigurations = (
				D64E802319D7741700673FE0 /* Debug */,
				D64E802419D7741700673FE0 /* Release */,
			);
			defaultConfigurationIsVisible = 0;
		};
/* End XCConfigurationList section */

/* Begin XCVersionGroup section */
		D64E800419D7741600673FE0 /* safetyApp.xcdatamodeld */ = {
			isa = XCVersionGroup;
			children = (
				D64E800519D7741600673FE0 /* safetyApp.xcdatamodel */,
			);
			currentVersion = D64E800519D7741600673FE0 /* safetyApp.xcdatamodel */;
			path = safetyApp.xcdatamodeld;
			sourceTree = "<group>";
			versionGroupType = wrapper.xcdatamodel;
		};
/* End XCVersionGroup section */
	};
	rootObject = D64E7FF519D7741600673FE0 /* Project object */;
}
