// !$*UTF8*$!
{
	archiveVersion = 1;
	classes = {
	};
	objectVersion = 46;
	objects = {

/* Begin PBXBuildFile section */
		D6F9797D19C13F48008272A8 /* Foundation.framework in Frameworks */ = {isa = PBXBuildFile; fileRef = D6F9797C19C13F48008272A8 /* Foundation.framework */; };
		D6F9797F19C13F48008272A8 /* CoreGraphics.framework in Frameworks */ = {isa = PBXBuildFile; fileRef = D6F9797E19C13F48008272A8 /* CoreGraphics.framework */; };
		D6F9798119C13F48008272A8 /* UIKit.framework in Frameworks */ = {isa = PBXBuildFile; fileRef = D6F9798019C13F48008272A8 /* UIKit.framework */; };
		D6F9798719C13F48008272A8 /* InfoPlist.strings in Resources */ = {isa = PBXBuildFile; fileRef = D6F9798519C13F48008272A8 /* InfoPlist.strings */; };
		D6F9798919C13F48008272A8 /* main.m in Sources */ = {isa = PBXBuildFile; fileRef = D6F9798819C13F48008272A8 /* main.m */; };
		D6F9798D19C13F48008272A8 /* STAppDelegate.m in Sources */ = {isa = PBXBuildFile; fileRef = D6F9798C19C13F48008272A8 /* STAppDelegate.m */; };
		D6F9799019C13F48008272A8 /* Main.storyboard in Resources */ = {isa = PBXBuildFile; fileRef = D6F9798E19C13F48008272A8 /* Main.storyboard */; };
		D6F9799319C13F48008272A8 /* STMasterViewController.m in Sources */ = {isa = PBXBuildFile; fileRef = D6F9799219C13F48008272A8 /* STMasterViewController.m */; };
		D6F9799619C13F48008272A8 /* STDetailViewController.m in Sources */ = {isa = PBXBuildFile; fileRef = D6F9799519C13F48008272A8 /* STDetailViewController.m */; };
		D6F9799819C13F48008272A8 /* Images.xcassets in Resources */ = {isa = PBXBuildFile; fileRef = D6F9799719C13F48008272A8 /* Images.xcassets */; };
		D6F9799F19C13F48008272A8 /* XCTest.framework in Frameworks */ = {isa = PBXBuildFile; fileRef = D6F9799E19C13F48008272A8 /* XCTest.framework */; };
		D6F979A019C13F48008272A8 /* Foundation.framework in Frameworks */ = {isa = PBXBuildFile; fileRef = D6F9797C19C13F48008272A8 /* Foundation.framework */; };
		D6F979A119C13F48008272A8 /* UIKit.framework in Frameworks */ = {isa = PBXBuildFile; fileRef = D6F9798019C13F48008272A8 /* UIKit.framework */; };
		D6F979A919C13F48008272A8 /* InfoPlist.strings in Resources */ = {isa = PBXBuildFile; fileRef = D6F979A719C13F48008272A8 /* InfoPlist.strings */; };
		D6F979AB19C13F48008272A8 /* Up_Sliding_TableTests.m in Sources */ = {isa = PBXBuildFile; fileRef = D6F979AA19C13F48008272A8 /* Up_Sliding_TableTests.m */; };
/* End PBXBuildFile section */

/* Begin PBXContainerItemProxy section */
		D6F979A219C13F48008272A8 /* PBXContainerItemProxy */ = {
			isa = PBXContainerItemProxy;
			containerPortal = D6F9797119C13F48008272A8 /* Project object */;
			proxyType = 1;
			remoteGlobalIDString = D6F9797819C13F48008272A8;
			remoteInfo = "Up Sliding Table";
		};
/* End PBXContainerItemProxy section */

/* Begin PBXFileReference section */
		D6F9797919C13F48008272A8 /* Up Sliding Table.app */ = {isa = PBXFileReference; explicitFileType = wrapper.application; includeInIndex = 0; path = "Up Sliding Table.app"; sourceTree = BUILT_PRODUCTS_DIR; };
		D6F9797C19C13F48008272A8 /* Foundation.framework */ = {isa = PBXFileReference; lastKnownFileType = wrapper.framework; name = Foundation.framework; path = System/Library/Frameworks/Foundation.framework; sourceTree = SDKROOT; };
		D6F9797E19C13F48008272A8 /* CoreGraphics.framework */ = {isa = PBXFileReference; lastKnownFileType = wrapper.framework; name = CoreGraphics.framework; path = System/Library/Frameworks/CoreGraphics.framework; sourceTree = SDKROOT; };
		D6F9798019C13F48008272A8 /* UIKit.framework */ = {isa = PBXFileReference; lastKnownFileType = wrapper.framework; name = UIKit.framework; path = System/Library/Frameworks/UIKit.framework; sourceTree = SDKROOT; };
		D6F9798419C13F48008272A8 /* Up Sliding Table-Info.plist */ = {isa = PBXFileReference; lastKnownFileType = text.plist.xml; path = "Up Sliding Table-Info.plist"; sourceTree = "<group>"; };
		D6F9798619C13F48008272A8 /* en */ = {isa = PBXFileReference; lastKnownFileType = text.plist.strings; name = en; path = en.lproj/InfoPlist.strings; sourceTree = "<group>"; };
		D6F9798819C13F48008272A8 /* main.m */ = {isa = PBXFileReference; lastKnownFileType = sourcecode.c.objc; path = main.m; sourceTree = "<group>"; };
		D6F9798A19C13F48008272A8 /* Up Sliding Table-Prefix.pch */ = {isa = PBXFileReference; lastKnownFileType = sourcecode.c.h; path = "Up Sliding Table-Prefix.pch"; sourceTree = "<group>"; };
		D6F9798B19C13F48008272A8 /* STAppDelegate.h */ = {isa = PBXFileReference; lastKnownFileType = sourcecode.c.h; path = STAppDelegate.h; sourceTree = "<group>"; };
		D6F9798C19C13F48008272A8 /* STAppDelegate.m */ = {isa = PBXFileReference; lastKnownFileType = sourcecode.c.objc; path = STAppDelegate.m; sourceTree = "<group>"; };
		D6F9798F19C13F48008272A8 /* Base */ = {isa = PBXFileReference; lastKnownFileType = file.storyboard; name = Base; path = Base.lproj/Main.storyboard; sourceTree = "<group>"; };
		D6F9799119C13F48008272A8 /* STMasterViewController.h */ = {isa = PBXFileReference; lastKnownFileType = sourcecode.c.h; path = STMasterViewController.h; sourceTree = "<group>"; };
		D6F9799219C13F48008272A8 /* STMasterViewController.m */ = {isa = PBXFileReference; lastKnownFileType = sourcecode.c.objc; path = STMasterViewController.m; sourceTree = "<group>"; };
		D6F9799419C13F48008272A8 /* STDetailViewController.h */ = {isa = PBXFileReference; lastKnownFileType = sourcecode.c.h; path = STDetailViewController.h; sourceTree = "<group>"; };
		D6F9799519C13F48008272A8 /* STDetailViewController.m */ = {isa = PBXFileReference; lastKnownFileType = sourcecode.c.objc; path = STDetailViewController.m; sourceTree = "<group>"; };
		D6F9799719C13F48008272A8 /* Images.xcassets */ = {isa = PBXFileReference; lastKnownFileType = folder.assetcatalog; path = Images.xcassets; sourceTree = "<group>"; };
		D6F9799D19C13F48008272A8 /* Up Sliding TableTests.xctest */ = {isa = PBXFileReference; explicitFileType = wrapper.cfbundle; includeInIndex = 0; path = "Up Sliding TableTests.xctest"; sourceTree = BUILT_PRODUCTS_DIR; };
		D6F9799E19C13F48008272A8 /* XCTest.framework */ = {isa = PBXFileReference; lastKnownFileType = wrapper.framework; name = XCTest.framework; path = Library/Frameworks/XCTest.framework; sourceTree = DEVELOPER_DIR; };
		D6F979A619C13F48008272A8 /* Up Sliding TableTests-Info.plist */ = {isa = PBXFileReference; lastKnownFileType = text.plist.xml; path = "Up Sliding TableTests-Info.plist"; sourceTree = "<group>"; };
		D6F979A819C13F48008272A8 /* en */ = {isa = PBXFileReference; lastKnownFileType = text.plist.strings; name = en; path = en.lproj/InfoPlist.strings; sourceTree = "<group>"; };
		D6F979AA19C13F48008272A8 /* Up_Sliding_TableTests.m */ = {isa = PBXFileReference; lastKnownFileType = sourcecode.c.objc; path = Up_Sliding_TableTests.m; sourceTree = "<group>"; };
/* End PBXFileReference section */

/* Begin PBXFrameworksBuildPhase section */
		D6F9797619C13F48008272A8 /* Frameworks */ = {
			isa = PBXFrameworksBuildPhase;
			buildActionMask = 2147483647;
			files = (
				D6F9797F19C13F48008272A8 /* CoreGraphics.framework in Frameworks */,
				D6F9798119C13F48008272A8 /* UIKit.framework in Frameworks */,
				D6F9797D19C13F48008272A8 /* Foundation.framework in Frameworks */,
			);
			runOnlyForDeploymentPostprocessing = 0;
		};
		D6F9799A19C13F48008272A8 /* Frameworks */ = {
			isa = PBXFrameworksBuildPhase;
			buildActionMask = 2147483647;
			files = (
				D6F9799F19C13F48008272A8 /* XCTest.framework in Frameworks */,
				D6F979A119C13F48008272A8 /* UIKit.framework in Frameworks */,
				D6F979A019C13F48008272A8 /* Foundation.framework in Frameworks */,
			);
			runOnlyForDeploymentPostprocessing = 0;
		};
/* End PBXFrameworksBuildPhase section */

/* Begin PBXGroup section */
		D6F9797019C13F48008272A8 = {
			isa = PBXGroup;
			children = (
				D6F9798219C13F48008272A8 /* Up Sliding Table */,
				D6F979A419C13F48008272A8 /* Up Sliding TableTests */,
				D6F9797B19C13F48008272A8 /* Frameworks */,
				D6F9797A19C13F48008272A8 /* Products */,
			);
			sourceTree = "<group>";
		};
		D6F9797A19C13F48008272A8 /* Products */ = {
			isa = PBXGroup;
			children = (
				D6F9797919C13F48008272A8 /* Up Sliding Table.app */,
				D6F9799D19C13F48008272A8 /* Up Sliding TableTests.xctest */,
			);
			name = Products;
			sourceTree = "<group>";
		};
		D6F9797B19C13F48008272A8 /* Frameworks */ = {
			isa = PBXGroup;
			children = (
				D6F9797C19C13F48008272A8 /* Foundation.framework */,
				D6F9797E19C13F48008272A8 /* CoreGraphics.framework */,
				D6F9798019C13F48008272A8 /* UIKit.framework */,
				D6F9799E19C13F48008272A8 /* XCTest.framework */,
			);
			name = Frameworks;
			sourceTree = "<group>";
		};
		D6F9798219C13F48008272A8 /* Up Sliding Table */ = {
			isa = PBXGroup;
			children = (
				D6F9798B19C13F48008272A8 /* STAppDelegate.h */,
				D6F9798C19C13F48008272A8 /* STAppDelegate.m */,
				D6F9798E19C13F48008272A8 /* Main.storyboard */,
				D6F9799119C13F48008272A8 /* STMasterViewController.h */,
				D6F9799219C13F48008272A8 /* STMasterViewController.m */,
				D6F9799419C13F48008272A8 /* STDetailViewController.h */,
				D6F9799519C13F48008272A8 /* STDetailViewController.m */,
				D6F9799719C13F48008272A8 /* Images.xcassets */,
				D6F9798319C13F48008272A8 /* Supporting Files */,
			);
			path = "Up Sliding Table";
			sourceTree = "<group>";
		};
		D6F9798319C13F48008272A8 /* Supporting Files */ = {
			isa = PBXGroup;
			children = (
				D6F9798419C13F48008272A8 /* Up Sliding Table-Info.plist */,
				D6F9798519C13F48008272A8 /* InfoPlist.strings */,
				D6F9798819C13F48008272A8 /* main.m */,
				D6F9798A19C13F48008272A8 /* Up Sliding Table-Prefix.pch */,
			);
			name = "Supporting Files";
			sourceTree = "<group>";
		};
		D6F979A419C13F48008272A8 /* Up Sliding TableTests */ = {
			isa = PBXGroup;
			children = (
				D6F979AA19C13F48008272A8 /* Up_Sliding_TableTests.m */,
				D6F979A519C13F48008272A8 /* Supporting Files */,
			);
			path = "Up Sliding TableTests";
			sourceTree = "<group>";
		};
		D6F979A519C13F48008272A8 /* Supporting Files */ = {
			isa = PBXGroup;
			children = (
				D6F979A619C13F48008272A8 /* Up Sliding TableTests-Info.plist */,
				D6F979A719C13F48008272A8 /* InfoPlist.strings */,
			);
			name = "Supporting Files";
			sourceTree = "<group>";
		};
/* End PBXGroup section */

/* Begin PBXNativeTarget section */
		D6F9797819C13F48008272A8 /* Up Sliding Table */ = {
			isa = PBXNativeTarget;
			buildConfigurationList = D6F979AE19C13F48008272A8 /* Build configuration list for PBXNativeTarget "Up Sliding Table" */;
			buildPhases = (
				D6F9797519C13F48008272A8 /* Sources */,
				D6F9797619C13F48008272A8 /* Frameworks */,
				D6F9797719C13F48008272A8 /* Resources */,
			);
			buildRules = (
			);
			dependencies = (
			);
			name = "Up Sliding Table";
			productName = "Up Sliding Table";
			productReference = D6F9797919C13F48008272A8 /* Up Sliding Table.app */;
			productType = "com.apple.product-type.application";
		};
		D6F9799C19C13F48008272A8 /* Up Sliding TableTests */ = {
			isa = PBXNativeTarget;
			buildConfigurationList = D6F979B119C13F48008272A8 /* Build configuration list for PBXNativeTarget "Up Sliding TableTests" */;
			buildPhases = (
				D6F9799919C13F48008272A8 /* Sources */,
				D6F9799A19C13F48008272A8 /* Frameworks */,
				D6F9799B19C13F48008272A8 /* Resources */,
			);
			buildRules = (
			);
			dependencies = (
				D6F979A319C13F48008272A8 /* PBXTargetDependency */,
			);
			name = "Up Sliding TableTests";
			productName = "Up Sliding TableTests";
			productReference = D6F9799D19C13F48008272A8 /* Up Sliding TableTests.xctest */;
			productType = "com.apple.product-type.bundle.unit-test";
		};
/* End PBXNativeTarget section */

/* Begin PBXProject section */
		D6F9797119C13F48008272A8 /* Project object */ = {
			isa = PBXProject;
			attributes = {
				CLASSPREFIX = ST;
				LastUpgradeCheck = 0510;
				ORGANIZATIONNAME = "Sam Svenningsen";
				TargetAttributes = {
					D6F9799C19C13F48008272A8 = {
						TestTargetID = D6F9797819C13F48008272A8;
					};
				};
			};
			buildConfigurationList = D6F9797419C13F48008272A8 /* Build configuration list for PBXProject "Up Sliding Table" */;
			compatibilityVersion = "Xcode 3.2";
			developmentRegion = English;
			hasScannedForEncodings = 0;
			knownRegions = (
				en,
				Base,
			);
			mainGroup = D6F9797019C13F48008272A8;
			productRefGroup = D6F9797A19C13F48008272A8 /* Products */;
			projectDirPath = "";
			projectRoot = "";
			targets = (
				D6F9797819C13F48008272A8 /* Up Sliding Table */,
				D6F9799C19C13F48008272A8 /* Up Sliding TableTests */,
			);
		};
/* End PBXProject section */

/* Begin PBXResourcesBuildPhase section */
		D6F9797719C13F48008272A8 /* Resources */ = {
			isa = PBXResourcesBuildPhase;
			buildActionMask = 2147483647;
			files = (
				D6F9799819C13F48008272A8 /* Images.xcassets in Resources */,
				D6F9798719C13F48008272A8 /* InfoPlist.strings in Resources */,
				D6F9799019C13F48008272A8 /* Main.storyboard in Resources */,
			);
			runOnlyForDeploymentPostprocessing = 0;
		};
		D6F9799B19C13F48008272A8 /* Resources */ = {
			isa = PBXResourcesBuildPhase;
			buildActionMask = 2147483647;
			files = (
				D6F979A919C13F48008272A8 /* InfoPlist.strings in Resources */,
			);
			runOnlyForDeploymentPostprocessing = 0;
		};
/* End PBXResourcesBuildPhase section */

/* Begin PBXSourcesBuildPhase section */
		D6F9797519C13F48008272A8 /* Sources */ = {
			isa = PBXSourcesBuildPhase;
			buildActionMask = 2147483647;
			files = (
				D6F9799619C13F48008272A8 /* STDetailViewController.m in Sources */,
				D6F9798919C13F48008272A8 /* main.m in Sources */,
				D6F9799319C13F48008272A8 /* STMasterViewController.m in Sources */,
				D6F9798D19C13F48008272A8 /* STAppDelegate.m in Sources */,
			);
			runOnlyForDeploymentPostprocessing = 0;
		};
		D6F9799919C13F48008272A8 /* Sources */ = {
			isa = PBXSourcesBuildPhase;
			buildActionMask = 2147483647;
			files = (
				D6F979AB19C13F48008272A8 /* Up_Sliding_TableTests.m in Sources */,
			);
			runOnlyForDeploymentPostprocessing = 0;
		};
/* End PBXSourcesBuildPhase section */

/* Begin PBXTargetDependency section */
		D6F979A319C13F48008272A8 /* PBXTargetDependency */ = {
			isa = PBXTargetDependency;
			target = D6F9797819C13F48008272A8 /* Up Sliding Table */;
			targetProxy = D6F979A219C13F48008272A8 /* PBXContainerItemProxy */;
		};
/* End PBXTargetDependency section */

/* Begin PBXVariantGroup section */
		D6F9798519C13F48008272A8 /* InfoPlist.strings */ = {
			isa = PBXVariantGroup;
			children = (
				D6F9798619C13F48008272A8 /* en */,
			);
			name = InfoPlist.strings;
			sourceTree = "<group>";
		};
		D6F9798E19C13F48008272A8 /* Main.storyboard */ = {
			isa = PBXVariantGroup;
			children = (
				D6F9798F19C13F48008272A8 /* Base */,
			);
			name = Main.storyboard;
			sourceTree = "<group>";
		};
		D6F979A719C13F48008272A8 /* InfoPlist.strings */ = {
			isa = PBXVariantGroup;
			children = (
				D6F979A819C13F48008272A8 /* en */,
			);
			name = InfoPlist.strings;
			sourceTree = "<group>";
		};
/* End PBXVariantGroup section */

/* Begin XCBuildConfiguration section */
		D6F979AC19C13F48008272A8 /* Debug */ = {
			isa = XCBuildConfiguration;
			buildSettings = {
				ALWAYS_SEARCH_USER_PATHS = NO;
				CLANG_CXX_LANGUAGE_STANDARD = "gnu++0x";
				CLANG_CXX_LIBRARY = "libc++";
				CLANG_ENABLE_MODULES = YES;
				CLANG_ENABLE_OBJC_ARC = YES;
				CLANG_WARN_BOOL_CONVERSION = YES;
				CLANG_WARN_CONSTANT_CONVERSION = YES;
				CLANG_WARN_DIRECT_OBJC_ISA_USAGE = YES_ERROR;
				CLANG_WARN_EMPTY_BODY = YES;
				CLANG_WARN_ENUM_CONVERSION = YES;
				CLANG_WARN_INT_CONVERSION = YES;
				CLANG_WARN_OBJC_ROOT_CLASS = YES_ERROR;
				CLANG_WARN__DUPLICATE_METHOD_MATCH = YES;
				"CODE_SIGN_IDENTITY[sdk=iphoneos*]" = "iPhone Developer";
				COPY_PHASE_STRIP = NO;
				GCC_C_LANGUAGE_STANDARD = gnu99;
				GCC_DYNAMIC_NO_PIC = NO;
				GCC_OPTIMIZATION_LEVEL = 0;
				GCC_PREPROCESSOR_DEFINITIONS = (
					"DEBUG=1",
					"$(inherited)",
				);
				GCC_SYMBOLS_PRIVATE_EXTERN = NO;
				GCC_WARN_64_TO_32_BIT_CONVERSION = YES;
				GCC_WARN_ABOUT_RETURN_TYPE = YES_ERROR;
				GCC_WARN_UNDECLARED_SELECTOR = YES;
				GCC_WARN_UNINITIALIZED_AUTOS = YES_AGGRESSIVE;
				GCC_WARN_UNUSED_FUNCTION = YES;
				GCC_WARN_UNUSED_VARIABLE = YES;
				IPHONEOS_DEPLOYMENT_TARGET = 7.1;
				ONLY_ACTIVE_ARCH = YES;
				SDKROOT = iphoneos;
			};
			name = Debug;
		};
		D6F979AD19C13F48008272A8 /* Release */ = {
			isa = XCBuildConfiguration;
			buildSettings = {
				ALWAYS_SEARCH_USER_PATHS = NO;
				CLANG_CXX_LANGUAGE_STANDARD = "gnu++0x";
				CLANG_CXX_LIBRARY = "libc++";
				CLANG_ENABLE_MODULES = YES;
				CLANG_ENABLE_OBJC_ARC = YES;
				CLANG_WARN_BOOL_CONVERSION = YES;
				CLANG_WARN_CONSTANT_CONVERSION = YES;
				CLANG_WARN_DIRECT_OBJC_ISA_USAGE = YES_ERROR;
				CLANG_WARN_EMPTY_BODY = YES;
				CLANG_WARN_ENUM_CONVERSION = YES;
				CLANG_WARN_INT_CONVERSION = YES;
				CLANG_WARN_OBJC_ROOT_CLASS = YES_ERROR;
				CLANG_WARN__DUPLICATE_METHOD_MATCH = YES;
				"CODE_SIGN_IDENTITY[sdk=iphoneos*]" = "iPhone Developer";
				COPY_PHASE_STRIP = YES;
				ENABLE_NS_ASSERTIONS = NO;
				GCC_C_LANGUAGE_STANDARD = gnu99;
				GCC_WARN_64_TO_32_BIT_CONVERSION = YES;
				GCC_WARN_ABOUT_RETURN_TYPE = YES_ERROR;
				GCC_WARN_UNDECLARED_SELECTOR = YES;
				GCC_WARN_UNINITIALIZED_AUTOS = YES_AGGRESSIVE;
				GCC_WARN_UNUSED_FUNCTION = YES;
				GCC_WARN_UNUSED_VARIABLE = YES;
				IPHONEOS_DEPLOYMENT_TARGET = 7.1;
				SDKROOT = iphoneos;
				VALIDATE_PRODUCT = YES;
			};
			name = Release;
		};
		D6F979AF19C13F48008272A8 /* Debug */ = {
			isa = XCBuildConfiguration;
			buildSettings = {
				ASSETCATALOG_COMPILER_APPICON_NAME = AppIcon;
				ASSETCATALOG_COMPILER_LAUNCHIMAGE_NAME = LaunchImage;
				GCC_PRECOMPILE_PREFIX_HEADER = YES;
				GCC_PREFIX_HEADER = "Up Sliding Table/Up Sliding Table-Prefix.pch";
				INFOPLIST_FILE = "Up Sliding Table/Up Sliding Table-Info.plist";
				PRODUCT_NAME = "$(TARGET_NAME)";
				WRAPPER_EXTENSION = app;
			};
			name = Debug;
		};
		D6F979B019C13F48008272A8 /* Release */ = {
			isa = XCBuildConfiguration;
			buildSettings = {
				ASSETCATALOG_COMPILER_APPICON_NAME = AppIcon;
				ASSETCATALOG_COMPILER_LAUNCHIMAGE_NAME = LaunchImage;
				GCC_PRECOMPILE_PREFIX_HEADER = YES;
				GCC_PREFIX_HEADER = "Up Sliding Table/Up Sliding Table-Prefix.pch";
				INFOPLIST_FILE = "Up Sliding Table/Up Sliding Table-Info.plist";
				PRODUCT_NAME = "$(TARGET_NAME)";
				WRAPPER_EXTENSION = app;
			};
			name = Release;
		};
		D6F979B219C13F48008272A8 /* Debug */ = {
			isa = XCBuildConfiguration;
			buildSettings = {
				BUNDLE_LOADER = "$(BUILT_PRODUCTS_DIR)/Up Sliding Table.app/Up Sliding Table";
				FRAMEWORK_SEARCH_PATHS = (
					"$(SDKROOT)/Developer/Library/Frameworks",
					"$(inherited)",
					"$(DEVELOPER_FRAMEWORKS_DIR)",
				);
				GCC_PRECOMPILE_PREFIX_HEADER = YES;
				GCC_PREFIX_HEADER = "Up Sliding Table/Up Sliding Table-Prefix.pch";
				GCC_PREPROCESSOR_DEFINITIONS = (
					"DEBUG=1",
					"$(inherited)",
				);
				INFOPLIST_FILE = "Up Sliding TableTests/Up Sliding TableTests-Info.plist";
				PRODUCT_NAME = "$(TARGET_NAME)";
				TEST_HOST = "$(BUNDLE_LOADER)";
				WRAPPER_EXTENSION = xctest;
			};
			name = Debug;
		};
		D6F979B319C13F48008272A8 /* Release */ = {
			isa = XCBuildConfiguration;
			buildSettings = {
				BUNDLE_LOADER = "$(BUILT_PRODUCTS_DIR)/Up Sliding Table.app/Up Sliding Table";
				FRAMEWORK_SEARCH_PATHS = (
					"$(SDKROOT)/Developer/Library/Frameworks",
					"$(inherited)",
					"$(DEVELOPER_FRAMEWORKS_DIR)",
				);
				GCC_PRECOMPILE_PREFIX_HEADER = YES;
				GCC_PREFIX_HEADER = "Up Sliding Table/Up Sliding Table-Prefix.pch";
				INFOPLIST_FILE = "Up Sliding TableTests/Up Sliding TableTests-Info.plist";
				PRODUCT_NAME = "$(TARGET_NAME)";
				TEST_HOST = "$(BUNDLE_LOADER)";
				WRAPPER_EXTENSION = xctest;
			};
			name = Release;
		};
/* End XCBuildConfiguration section */

/* Begin XCConfigurationList section */
		D6F9797419C13F48008272A8 /* Build configuration list for PBXProject "Up Sliding Table" */ = {
			isa = XCConfigurationList;
			buildConfigurations = (
				D6F979AC19C13F48008272A8 /* Debug */,
				D6F979AD19C13F48008272A8 /* Release */,
			);
			defaultConfigurationIsVisible = 0;
			defaultConfigurationName = Release;
		};
		D6F979AE19C13F48008272A8 /* Build configuration list for PBXNativeTarget "Up Sliding Table" */ = {
			isa = XCConfigurationList;
			buildConfigurations = (
				D6F979AF19C13F48008272A8 /* Debug */,
				D6F979B019C13F48008272A8 /* Release */,
			);
			defaultConfigurationIsVisible = 0;
		};
		D6F979B119C13F48008272A8 /* Build configuration list for PBXNativeTarget "Up Sliding TableTests" */ = {
			isa = XCConfigurationList;
			buildConfigurations = (
				D6F979B219C13F48008272A8 /* Debug */,
				D6F979B319C13F48008272A8 /* Release */,
			);
			defaultConfigurationIsVisible = 0;
		};
/* End XCConfigurationList section */
	};
	rootObject = D6F9797119C13F48008272A8 /* Project object */;
}
