// !$*UTF8*$!
{
	archiveVersion = 1;
	classes = {
	};
	objectVersion = 46;
	objects = {

/* Begin PBXBuildFile section */
		D69C43A119F1F08A00E4FFEA /* main.m in Sources */ = {isa = PBXBuildFile; fileRef = D69C43A019F1F08A00E4FFEA /* main.m */; };
		D69C43A419F1F08A00E4FFEA /* AppDelegate.m in Sources */ = {isa = PBXBuildFile; fileRef = D69C43A319F1F08A00E4FFEA /* AppDelegate.m */; };
		D69C43A719F1F08A00E4FFEA /* ViewController.m in Sources */ = {isa = PBXBuildFile; fileRef = D69C43A619F1F08A00E4FFEA /* ViewController.m */; };
		D69C43AA19F1F08A00E4FFEA /* Main.storyboard in Resources */ = {isa = PBXBuildFile; fileRef = D69C43A819F1F08A00E4FFEA /* Main.storyboard */; };
		D69C43AC19F1F08A00E4FFEA /* Images.xcassets in Resources */ = {isa = PBXBuildFile; fileRef = D69C43AB19F1F08A00E4FFEA /* Images.xcassets */; };
		D69C43AF19F1F08A00E4FFEA /* LaunchScreen.xib in Resources */ = {isa = PBXBuildFile; fileRef = D69C43AD19F1F08A00E4FFEA /* LaunchScreen.xib */; };
		D69C43BB19F1F08A00E4FFEA /* All_Hallows_ReadTests.m in Sources */ = {isa = PBXBuildFile; fileRef = D69C43BA19F1F08A00E4FFEA /* All_Hallows_ReadTests.m */; };
		D69C43C519F1F49700E4FFEA /* AllHallowsEve.jpg in Resources */ = {isa = PBXBuildFile; fileRef = D69C43C419F1F49700E4FFEA /* AllHallowsEve.jpg */; };
		D69C43C719F1FC1100E4FFEA /* Neil.mp4 in Resources */ = {isa = PBXBuildFile; fileRef = D69C43C619F1FC1100E4FFEA /* Neil.mp4 */; };
		D69C43CD19F207E200E4FFEA /* AddGiftsViewController.m in Sources */ = {isa = PBXBuildFile; fileRef = D69C43CC19F207E200E4FFEA /* AddGiftsViewController.m */; };
		D69C43D019F2086000E4FFEA /* GiftListTableViewController.m in Sources */ = {isa = PBXBuildFile; fileRef = D69C43CF19F2086000E4FFEA /* GiftListTableViewController.m */; };
		D69C43D319F2165C00E4FFEA /* WebViewController.m in Sources */ = {isa = PBXBuildFile; fileRef = D69C43D219F2165C00E4FFEA /* WebViewController.m */; };
		D69C43D519F21A4C00E4FFEA /* Recomendation.jpg in Resources */ = {isa = PBXBuildFile; fileRef = D69C43D419F21A4C00E4FFEA /* Recomendation.jpg */; };
		D69C43D719F21AC600E4FFEA /* Banner.jpg in Resources */ = {isa = PBXBuildFile; fileRef = D69C43D619F21AC600E4FFEA /* Banner.jpg */; };
/* End PBXBuildFile section */

/* Begin PBXContainerItemProxy section */
		D69C43B519F1F08A00E4FFEA /* PBXContainerItemProxy */ = {
			isa = PBXContainerItemProxy;
			containerPortal = D69C439319F1F08A00E4FFEA /* Project object */;
			proxyType = 1;
			remoteGlobalIDString = D69C439A19F1F08A00E4FFEA;
			remoteInfo = All_Hallows_Read;
		};
/* End PBXContainerItemProxy section */

/* Begin PBXFileReference section */
		D69C439B19F1F08A00E4FFEA /* All_Hallows_Read.app */ = {isa = PBXFileReference; explicitFileType = wrapper.application; includeInIndex = 0; path = All_Hallows_Read.app; sourceTree = BUILT_PRODUCTS_DIR; };
		D69C439F19F1F08A00E4FFEA /* Info.plist */ = {isa = PBXFileReference; lastKnownFileType = text.plist.xml; path = Info.plist; sourceTree = "<group>"; };
		D69C43A019F1F08A00E4FFEA /* main.m */ = {isa = PBXFileReference; lastKnownFileType = sourcecode.c.objc; path = main.m; sourceTree = "<group>"; };
		D69C43A219F1F08A00E4FFEA /* AppDelegate.h */ = {isa = PBXFileReference; lastKnownFileType = sourcecode.c.h; path = AppDelegate.h; sourceTree = "<group>"; };
		D69C43A319F1F08A00E4FFEA /* AppDelegate.m */ = {isa = PBXFileReference; lastKnownFileType = sourcecode.c.objc; path = AppDelegate.m; sourceTree = "<group>"; };
		D69C43A519F1F08A00E4FFEA /* ViewController.h */ = {isa = PBXFileReference; lastKnownFileType = sourcecode.c.h; path = ViewController.h; sourceTree = "<group>"; };
		D69C43A619F1F08A00E4FFEA /* ViewController.m */ = {isa = PBXFileReference; lastKnownFileType = sourcecode.c.objc; path = ViewController.m; sourceTree = "<group>"; };
		D69C43A919F1F08A00E4FFEA /* Base */ = {isa = PBXFileReference; lastKnownFileType = file.storyboard; name = Base; path = Base.lproj/Main.storyboard; sourceTree = "<group>"; };
		D69C43AB19F1F08A00E4FFEA /* Images.xcassets */ = {isa = PBXFileReference; lastKnownFileType = folder.assetcatalog; path = Images.xcassets; sourceTree = "<group>"; };
		D69C43AE19F1F08A00E4FFEA /* Base */ = {isa = PBXFileReference; lastKnownFileType = file.xib; name = Base; path = Base.lproj/LaunchScreen.xib; sourceTree = "<group>"; };
		D69C43B419F1F08A00E4FFEA /* All_Hallows_ReadTests.xctest */ = {isa = PBXFileReference; explicitFileType = wrapper.cfbundle; includeInIndex = 0; path = All_Hallows_ReadTests.xctest; sourceTree = BUILT_PRODUCTS_DIR; };
		D69C43B919F1F08A00E4FFEA /* Info.plist */ = {isa = PBXFileReference; lastKnownFileType = text.plist.xml; path = Info.plist; sourceTree = "<group>"; };
		D69C43BA19F1F08A00E4FFEA /* All_Hallows_ReadTests.m */ = {isa = PBXFileReference; lastKnownFileType = sourcecode.c.objc; path = All_Hallows_ReadTests.m; sourceTree = "<group>"; };
		D69C43C419F1F49700E4FFEA /* AllHallowsEve.jpg */ = {isa = PBXFileReference; lastKnownFileType = image.jpeg; path = AllHallowsEve.jpg; sourceTree = "<group>"; };
		D69C43C619F1FC1100E4FFEA /* Neil.mp4 */ = {isa = PBXFileReference; lastKnownFileType = file; path = Neil.mp4; sourceTree = "<group>"; };
		D69C43CB19F207E200E4FFEA /* AddGiftsViewController.h */ = {isa = PBXFileReference; fileEncoding = 4; lastKnownFileType = sourcecode.c.h; path = AddGiftsViewController.h; sourceTree = "<group>"; };
		D69C43CC19F207E200E4FFEA /* AddGiftsViewController.m */ = {isa = PBXFileReference; fileEncoding = 4; lastKnownFileType = sourcecode.c.objc; path = AddGiftsViewController.m; sourceTree = "<group>"; };
		D69C43CE19F2086000E4FFEA /* GiftListTableViewController.h */ = {isa = PBXFileReference; fileEncoding = 4; lastKnownFileType = sourcecode.c.h; path = GiftListTableViewController.h; sourceTree = "<group>"; };
		D69C43CF19F2086000E4FFEA /* GiftListTableViewController.m */ = {isa = PBXFileReference; fileEncoding = 4; lastKnownFileType = sourcecode.c.objc; path = GiftListTableViewController.m; sourceTree = "<group>"; };
		D69C43D119F2165C00E4FFEA /* WebViewController.h */ = {isa = PBXFileReference; fileEncoding = 4; lastKnownFileType = sourcecode.c.h; path = WebViewController.h; sourceTree = "<group>"; };
		D69C43D219F2165C00E4FFEA /* WebViewController.m */ = {isa = PBXFileReference; fileEncoding = 4; lastKnownFileType = sourcecode.c.objc; path = WebViewController.m; sourceTree = "<group>"; };
		D69C43D419F21A4C00E4FFEA /* Recomendation.jpg */ = {isa = PBXFileReference; lastKnownFileType = image.jpeg; path = Recomendation.jpg; sourceTree = "<group>"; };
		D69C43D619F21AC600E4FFEA /* Banner.jpg */ = {isa = PBXFileReference; lastKnownFileType = image.jpeg; path = Banner.jpg; sourceTree = "<group>"; };
/* End PBXFileReference section */

/* Begin PBXFrameworksBuildPhase section */
		D69C439819F1F08A00E4FFEA /* Frameworks */ = {
			isa = PBXFrameworksBuildPhase;
			buildActionMask = 2147483647;
			files = (
			);
			runOnlyForDeploymentPostprocessing = 0;
		};
		D69C43B119F1F08A00E4FFEA /* Frameworks */ = {
			isa = PBXFrameworksBuildPhase;
			buildActionMask = 2147483647;
			files = (
			);
			runOnlyForDeploymentPostprocessing = 0;
		};
/* End PBXFrameworksBuildPhase section */

/* Begin PBXGroup section */
		D69C439219F1F08A00E4FFEA = {
			isa = PBXGroup;
			children = (
				D69C439D19F1F08A00E4FFEA /* All_Hallows_Read */,
				D69C43B719F1F08A00E4FFEA /* All_Hallows_ReadTests */,
				D69C439C19F1F08A00E4FFEA /* Products */,
			);
			sourceTree = "<group>";
		};
		D69C439C19F1F08A00E4FFEA /* Products */ = {
			isa = PBXGroup;
			children = (
				D69C439B19F1F08A00E4FFEA /* All_Hallows_Read.app */,
				D69C43B419F1F08A00E4FFEA /* All_Hallows_ReadTests.xctest */,
			);
			name = Products;
			sourceTree = "<group>";
		};
		D69C439D19F1F08A00E4FFEA /* All_Hallows_Read */ = {
			isa = PBXGroup;
			children = (
				D69C43D619F21AC600E4FFEA /* Banner.jpg */,
				D69C43D419F21A4C00E4FFEA /* Recomendation.jpg */,
				D69C43C619F1FC1100E4FFEA /* Neil.mp4 */,
				D69C43C419F1F49700E4FFEA /* AllHallowsEve.jpg */,
				D69C43A219F1F08A00E4FFEA /* AppDelegate.h */,
				D69C43A319F1F08A00E4FFEA /* AppDelegate.m */,
				D69C43A519F1F08A00E4FFEA /* ViewController.h */,
				D69C43A619F1F08A00E4FFEA /* ViewController.m */,
				D69C43A819F1F08A00E4FFEA /* Main.storyboard */,
				D69C43D119F2165C00E4FFEA /* WebViewController.h */,
				D69C43D219F2165C00E4FFEA /* WebViewController.m */,
				D69C43CB19F207E200E4FFEA /* AddGiftsViewController.h */,
				D69C43CC19F207E200E4FFEA /* AddGiftsViewController.m */,
				D69C43CE19F2086000E4FFEA /* GiftListTableViewController.h */,
				D69C43CF19F2086000E4FFEA /* GiftListTableViewController.m */,
				D69C43AB19F1F08A00E4FFEA /* Images.xcassets */,
				D69C43AD19F1F08A00E4FFEA /* LaunchScreen.xib */,
				D69C439E19F1F08A00E4FFEA /* Supporting Files */,
			);
			path = All_Hallows_Read;
			sourceTree = "<group>";
		};
		D69C439E19F1F08A00E4FFEA /* Supporting Files */ = {
			isa = PBXGroup;
			children = (
				D69C439F19F1F08A00E4FFEA /* Info.plist */,
				D69C43A019F1F08A00E4FFEA /* main.m */,
			);
			name = "Supporting Files";
			sourceTree = "<group>";
		};
		D69C43B719F1F08A00E4FFEA /* All_Hallows_ReadTests */ = {
			isa = PBXGroup;
			children = (
				D69C43BA19F1F08A00E4FFEA /* All_Hallows_ReadTests.m */,
				D69C43B819F1F08A00E4FFEA /* Supporting Files */,
			);
			path = All_Hallows_ReadTests;
			sourceTree = "<group>";
		};
		D69C43B819F1F08A00E4FFEA /* Supporting Files */ = {
			isa = PBXGroup;
			children = (
				D69C43B919F1F08A00E4FFEA /* Info.plist */,
			);
			name = "Supporting Files";
			sourceTree = "<group>";
		};
/* End PBXGroup section */

/* Begin PBXNativeTarget section */
		D69C439A19F1F08A00E4FFEA /* All_Hallows_Read */ = {
			isa = PBXNativeTarget;
			buildConfigurationList = D69C43BE19F1F08A00E4FFEA /* Build configuration list for PBXNativeTarget "All_Hallows_Read" */;
			buildPhases = (
				D69C439719F1F08A00E4FFEA /* Sources */,
				D69C439819F1F08A00E4FFEA /* Frameworks */,
				D69C439919F1F08A00E4FFEA /* Resources */,
			);
			buildRules = (
			);
			dependencies = (
			);
			name = All_Hallows_Read;
			productName = All_Hallows_Read;
			productReference = D69C439B19F1F08A00E4FFEA /* All_Hallows_Read.app */;
			productType = "com.apple.product-type.application";
		};
		D69C43B319F1F08A00E4FFEA /* All_Hallows_ReadTests */ = {
			isa = PBXNativeTarget;
			buildConfigurationList = D69C43C119F1F08A00E4FFEA /* Build configuration list for PBXNativeTarget "All_Hallows_ReadTests" */;
			buildPhases = (
				D69C43B019F1F08A00E4FFEA /* Sources */,
				D69C43B119F1F08A00E4FFEA /* Frameworks */,
				D69C43B219F1F08A00E4FFEA /* Resources */,
			);
			buildRules = (
			);
			dependencies = (
				D69C43B619F1F08A00E4FFEA /* PBXTargetDependency */,
			);
			name = All_Hallows_ReadTests;
			productName = All_Hallows_ReadTests;
			productReference = D69C43B419F1F08A00E4FFEA /* All_Hallows_ReadTests.xctest */;
			productType = "com.apple.product-type.bundle.unit-test";
		};
/* End PBXNativeTarget section */

/* Begin PBXProject section */
		D69C439319F1F08A00E4FFEA /* Project object */ = {
			isa = PBXProject;
			attributes = {
				LastUpgradeCheck = 0600;
				ORGANIZATIONNAME = "Sam Svenningsen";
				TargetAttributes = {
					D69C439A19F1F08A00E4FFEA = {
						CreatedOnToolsVersion = 6.0.1;
					};
					D69C43B319F1F08A00E4FFEA = {
						CreatedOnToolsVersion = 6.0.1;
						TestTargetID = D69C439A19F1F08A00E4FFEA;
					};
				};
			};
			buildConfigurationList = D69C439619F1F08A00E4FFEA /* Build configuration list for PBXProject "All_Hallows_Read" */;
			compatibilityVersion = "Xcode 3.2";
			developmentRegion = English;
			hasScannedForEncodings = 0;
			knownRegions = (
				en,
				Base,
			);
			mainGroup = D69C439219F1F08A00E4FFEA;
			productRefGroup = D69C439C19F1F08A00E4FFEA /* Products */;
			projectDirPath = "";
			projectRoot = "";
			targets = (
				D69C439A19F1F08A00E4FFEA /* All_Hallows_Read */,
				D69C43B319F1F08A00E4FFEA /* All_Hallows_ReadTests */,
			);
		};
/* End PBXProject section */

/* Begin PBXResourcesBuildPhase section */
		D69C439919F1F08A00E4FFEA /* Resources */ = {
			isa = PBXResourcesBuildPhase;
			buildActionMask = 2147483647;
			files = (
				D69C43AA19F1F08A00E4FFEA /* Main.storyboard in Resources */,
				D69C43D519F21A4C00E4FFEA /* Recomendation.jpg in Resources */,
				D69C43AF19F1F08A00E4FFEA /* LaunchScreen.xib in Resources */,
				D69C43D719F21AC600E4FFEA /* Banner.jpg in Resources */,
				D69C43AC19F1F08A00E4FFEA /* Images.xcassets in Resources */,
				D69C43C719F1FC1100E4FFEA /* Neil.mp4 in Resources */,
				D69C43C519F1F49700E4FFEA /* AllHallowsEve.jpg in Resources */,
			);
			runOnlyForDeploymentPostprocessing = 0;
		};
		D69C43B219F1F08A00E4FFEA /* Resources */ = {
			isa = PBXResourcesBuildPhase;
			buildActionMask = 2147483647;
			files = (
			);
			runOnlyForDeploymentPostprocessing = 0;
		};
/* End PBXResourcesBuildPhase section */

/* Begin PBXSourcesBuildPhase section */
		D69C439719F1F08A00E4FFEA /* Sources */ = {
			isa = PBXSourcesBuildPhase;
			buildActionMask = 2147483647;
			files = (
				D69C43CD19F207E200E4FFEA /* AddGiftsViewController.m in Sources */,
				D69C43D319F2165C00E4FFEA /* WebViewController.m in Sources */,
				D69C43D019F2086000E4FFEA /* GiftListTableViewController.m in Sources */,
				D69C43A719F1F08A00E4FFEA /* ViewController.m in Sources */,
				D69C43A419F1F08A00E4FFEA /* AppDelegate.m in Sources */,
				D69C43A119F1F08A00E4FFEA /* main.m in Sources */,
			);
			runOnlyForDeploymentPostprocessing = 0;
		};
		D69C43B019F1F08A00E4FFEA /* Sources */ = {
			isa = PBXSourcesBuildPhase;
			buildActionMask = 2147483647;
			files = (
				D69C43BB19F1F08A00E4FFEA /* All_Hallows_ReadTests.m in Sources */,
			);
			runOnlyForDeploymentPostprocessing = 0;
		};
/* End PBXSourcesBuildPhase section */

/* Begin PBXTargetDependency section */
		D69C43B619F1F08A00E4FFEA /* PBXTargetDependency */ = {
			isa = PBXTargetDependency;
			target = D69C439A19F1F08A00E4FFEA /* All_Hallows_Read */;
			targetProxy = D69C43B519F1F08A00E4FFEA /* PBXContainerItemProxy */;
		};
/* End PBXTargetDependency section */

/* Begin PBXVariantGroup section */
		D69C43A819F1F08A00E4FFEA /* Main.storyboard */ = {
			isa = PBXVariantGroup;
			children = (
				D69C43A919F1F08A00E4FFEA /* Base */,
			);
			name = Main.storyboard;
			sourceTree = "<group>";
		};
		D69C43AD19F1F08A00E4FFEA /* LaunchScreen.xib */ = {
			isa = PBXVariantGroup;
			children = (
				D69C43AE19F1F08A00E4FFEA /* Base */,
			);
			name = LaunchScreen.xib;
			sourceTree = "<group>";
		};
/* End PBXVariantGroup section */

/* Begin XCBuildConfiguration section */
		D69C43BC19F1F08A00E4FFEA /* Debug */ = {
			isa = XCBuildConfiguration;
			buildSettings = {
				ALWAYS_SEARCH_USER_PATHS = NO;
				CLANG_CXX_LANGUAGE_STANDARD = "gnu++0x";
				CLANG_CXX_LIBRARY = "libc++";
				CLANG_ENABLE_MODULES = YES;
				CLANG_ENABLE_OBJC_ARC = YES;
				CLANG_WARN_BOOL_CONVERSION = YES;
				CLANG_WARN_CONSTANT_CONVERSION = YES;
				CLANG_WARN_DIRECT_OBJC_ISA_USAGE = YES_ERROR;
				CLANG_WARN_EMPTY_BODY = YES;
				CLANG_WARN_ENUM_CONVERSION = YES;
				CLANG_WARN_INT_CONVERSION = YES;
				CLANG_WARN_OBJC_ROOT_CLASS = YES_ERROR;
				CLANG_WARN_UNREACHABLE_CODE = YES;
				CLANG_WARN__DUPLICATE_METHOD_MATCH = YES;
				"CODE_SIGN_IDENTITY[sdk=iphoneos*]" = "iPhone Developer";
				COPY_PHASE_STRIP = NO;
				ENABLE_STRICT_OBJC_MSGSEND = YES;
				GCC_C_LANGUAGE_STANDARD = gnu99;
				GCC_DYNAMIC_NO_PIC = NO;
				GCC_OPTIMIZATION_LEVEL = 0;
				GCC_PREPROCESSOR_DEFINITIONS = (
					"DEBUG=1",
					"$(inherited)",
				);
				GCC_SYMBOLS_PRIVATE_EXTERN = NO;
				GCC_WARN_64_TO_32_BIT_CONVERSION = YES;
				GCC_WARN_ABOUT_RETURN_TYPE = YES_ERROR;
				GCC_WARN_UNDECLARED_SELECTOR = YES;
				GCC_WARN_UNINITIALIZED_AUTOS = YES_AGGRESSIVE;
				GCC_WARN_UNUSED_FUNCTION = YES;
				GCC_WARN_UNUSED_VARIABLE = YES;
				IPHONEOS_DEPLOYMENT_TARGET = 8.0;
				MTL_ENABLE_DEBUG_INFO = YES;
				ONLY_ACTIVE_ARCH = YES;
				SDKROOT = iphoneos;
			};
			name = Debug;
		};
		D69C43BD19F1F08A00E4FFEA /* Release */ = {
			isa = XCBuildConfiguration;
			buildSettings = {
				ALWAYS_SEARCH_USER_PATHS = NO;
				CLANG_CXX_LANGUAGE_STANDARD = "gnu++0x";
				CLANG_CXX_LIBRARY = "libc++";
				CLANG_ENABLE_MODULES = YES;
				CLANG_ENABLE_OBJC_ARC = YES;
				CLANG_WARN_BOOL_CONVERSION = YES;
				CLANG_WARN_CONSTANT_CONVERSION = YES;
				CLANG_WARN_DIRECT_OBJC_ISA_USAGE = YES_ERROR;
				CLANG_WARN_EMPTY_BODY = YES;
				CLANG_WARN_ENUM_CONVERSION = YES;
				CLANG_WARN_INT_CONVERSION = YES;
				CLANG_WARN_OBJC_ROOT_CLASS = YES_ERROR;
				CLANG_WARN_UNREACHABLE_CODE = YES;
				CLANG_WARN__DUPLICATE_METHOD_MATCH = YES;
				"CODE_SIGN_IDENTITY[sdk=iphoneos*]" = "iPhone Developer";
				COPY_PHASE_STRIP = YES;
				ENABLE_NS_ASSERTIONS = NO;
				ENABLE_STRICT_OBJC_MSGSEND = YES;
				GCC_C_LANGUAGE_STANDARD = gnu99;
				GCC_WARN_64_TO_32_BIT_CONVERSION = YES;
				GCC_WARN_ABOUT_RETURN_TYPE = YES_ERROR;
				GCC_WARN_UNDECLARED_SELECTOR = YES;
				GCC_WARN_UNINITIALIZED_AUTOS = YES_AGGRESSIVE;
				GCC_WARN_UNUSED_FUNCTION = YES;
				GCC_WARN_UNUSED_VARIABLE = YES;
				IPHONEOS_DEPLOYMENT_TARGET = 8.0;
				MTL_ENABLE_DEBUG_INFO = NO;
				SDKROOT = iphoneos;
				VALIDATE_PRODUCT = YES;
			};
			name = Release;
		};
		D69C43BF19F1F08A00E4FFEA /* Debug */ = {
			isa = XCBuildConfiguration;
			buildSettings = {
				ASSETCATALOG_COMPILER_APPICON_NAME = AppIcon;
				INFOPLIST_FILE = All_Hallows_Read/Info.plist;
				LD_RUNPATH_SEARCH_PATHS = "$(inherited) @executable_path/Frameworks";
				PRODUCT_NAME = "$(TARGET_NAME)";
			};
			name = Debug;
		};
		D69C43C019F1F08A00E4FFEA /* Release */ = {
			isa = XCBuildConfiguration;
			buildSettings = {
				ASSETCATALOG_COMPILER_APPICON_NAME = AppIcon;
				INFOPLIST_FILE = All_Hallows_Read/Info.plist;
				LD_RUNPATH_SEARCH_PATHS = "$(inherited) @executable_path/Frameworks";
				PRODUCT_NAME = "$(TARGET_NAME)";
			};
			name = Release;
		};
		D69C43C219F1F08A00E4FFEA /* Debug */ = {
			isa = XCBuildConfiguration;
			buildSettings = {
				BUNDLE_LOADER = "$(TEST_HOST)";
				FRAMEWORK_SEARCH_PATHS = (
					"$(SDKROOT)/Developer/Library/Frameworks",
					"$(inherited)",
				);
				GCC_PREPROCESSOR_DEFINITIONS = (
					"DEBUG=1",
					"$(inherited)",
				);
				INFOPLIST_FILE = All_Hallows_ReadTests/Info.plist;
				LD_RUNPATH_SEARCH_PATHS = "$(inherited) @executable_path/Frameworks @loader_path/Frameworks";
				PRODUCT_NAME = "$(TARGET_NAME)";
				TEST_HOST = "$(BUILT_PRODUCTS_DIR)/All_Hallows_Read.app/All_Hallows_Read";
			};
			name = Debug;
		};
		D69C43C319F1F08A00E4FFEA /* Release */ = {
			isa = XCBuildConfiguration;
			buildSettings = {
				BUNDLE_LOADER = "$(TEST_HOST)";
				FRAMEWORK_SEARCH_PATHS = (
					"$(SDKROOT)/Developer/Library/Frameworks",
					"$(inherited)",
				);
				INFOPLIST_FILE = All_Hallows_ReadTests/Info.plist;
				LD_RUNPATH_SEARCH_PATHS = "$(inherited) @executable_path/Frameworks @loader_path/Frameworks";
				PRODUCT_NAME = "$(TARGET_NAME)";
				TEST_HOST = "$(BUILT_PRODUCTS_DIR)/All_Hallows_Read.app/All_Hallows_Read";
			};
			name = Release;
		};
/* End XCBuildConfiguration section */

/* Begin XCConfigurationList section */
		D69C439619F1F08A00E4FFEA /* Build configuration list for PBXProject "All_Hallows_Read" */ = {
			isa = XCConfigurationList;
			buildConfigurations = (
				D69C43BC19F1F08A00E4FFEA /* Debug */,
				D69C43BD19F1F08A00E4FFEA /* Release */,
			);
			defaultConfigurationIsVisible = 0;
			defaultConfigurationName = Release;
		};
		D69C43BE19F1F08A00E4FFEA /* Build configuration list for PBXNativeTarget "All_Hallows_Read" */ = {
			isa = XCConfigurationList;
			buildConfigurations = (
				D69C43BF19F1F08A00E4FFEA /* Debug */,
				D69C43C019F1F08A00E4FFEA /* Release */,
			);
			defaultConfigurationIsVisible = 0;
		};
		D69C43C119F1F08A00E4FFEA /* Build configuration list for PBXNativeTarget "All_Hallows_ReadTests" */ = {
			isa = XCConfigurationList;
			buildConfigurations = (
				D69C43C219F1F08A00E4FFEA /* Debug */,
				D69C43C319F1F08A00E4FFEA /* Release */,
			);
			defaultConfigurationIsVisible = 0;
		};
/* End XCConfigurationList section */
	};
	rootObject = D69C439319F1F08A00E4FFEA /* Project object */;
}
